
Microsoft Visual Studio Solution File, Format Version 12.00
# Visual Studio 15
VisualStudioVersion = 15.0.28010.2050
MinimumVisualStudioVersion = 10.0.40219.1
Project("{FAE04EC0-301F-11D3-BF4B-00C04F79EFBC}") = "Infrastructure", "Infrastructure\Infrastructure.csproj", "{1748A8DB-D5FB-45A9-8D07-0EACE0BA0368}"
EndProject
Project("{FAE04EC0-301F-11D3-BF4B-00C04F79EFBC}") = "GameUI", "GameUI\GameUI.csproj", "{EDEA92F6-0946-47D6-95AB-D1DA3F427F83}"
EndProject
Project("{9A19103F-16F7-4668-BE54-9A1E7A4F7556}") = "GameLogic", "GameLogic\GameLogic.csproj", "{E5566C93-DA7B-456B-B3E0-661244CFC2CB}"
EndProject
Global
	GlobalSection(SolutionConfigurationPlatforms) = preSolution
		Debug|Any CPU = Debug|Any CPU
		Release|Any CPU = Release|Any CPU
	EndGlobalSection
	GlobalSection(ProjectConfigurationPlatforms) = postSolution
		{1748A8DB-D5FB-45A9-8D07-0EACE0BA0368}.Debug|Any CPU.ActiveCfg = Debug|Any CPU
		{1748A8DB-D5FB-45A9-8D07-0EACE0BA0368}.Debug|Any CPU.Build.0 = Debug|Any CPU
		{1748A8DB-D5FB-45A9-8D07-0EACE0BA0368}.Release|Any CPU.ActiveCfg = Release|Any CPU
		{1748A8DB-D5FB-45A9-8D07-0EACE0BA0368}.Release|Any CPU.Build.0 = Release|Any CPU
		{EDEA92F6-0946-47D6-95AB-D1DA3F427F83}.Debug|Any CPU.ActiveCfg = Debug|Any CPU
		{EDEA92F6-0946-47D6-95AB-D1DA3F427F83}.Debug|Any CPU.Build.0 = Debug|Any CPU
		{EDEA92F6-0946-47D6-95AB-D1DA3F427F83}.Release|Any CPU.ActiveCfg = Release|Any CPU
		{EDEA92F6-0946-47D6-95AB-D1DA3F427F83}.Release|Any CPU.Build.0 = Release|Any CPU
		{E5566C93-DA7B-456B-B3E0-661244CFC2CB}.Debug|Any CPU.ActiveCfg = Debug|Any CPU
		{E5566C93-DA7B-456B-B3E0-661244CFC2CB}.Debug|Any CPU.Build.0 = Debug|Any CPU
		{E5566C93-DA7B-456B-B3E0-661244CFC2CB}.Release|Any CPU.ActiveCfg = Release|Any CPU
		{E5566C93-DA7B-456B-B3E0-661244CFC2CB}.Release|Any CPU.Build.0 = Release|Any CPU
	EndGlobalSection
	GlobalSection(SolutionProperties) = preSolution
		HideSolutionNode = FALSE
	EndGlobalSection
	GlobalSection(ExtensibilityGlobals) = postSolution
		SolutionGuid = {F8D247E8-49D5-4D25-8418-A8D6618597DF}
	EndGlobalSection
EndGlobal
